{
  "requires": true,
  "lockfileVersion": 1,
  "dependencies": {
    "google-books-search": {
      "version": "0.3.1",
      "resolved": "https://registry.npmjs.org/google-books-search/-/google-books-search-0.3.1.tgz",
      "integrity": "sha1-636h14OS7QpyaXUSNqqYUZA1DJs=",
      "requires": {
        "lodash": "^4.4.0",
        "querystring": "^0.2.0"
      }
    },
    "lodash": {
      "version": "4.17.11",
      "resolved": "https://registry.npmjs.org/lodash/-/lodash-4.17.11.tgz",
      "integrity": "sha512-cQKh8igo5QUhZ7lg38DYWAxMvjSAKG0A8wGSVimP07SIUEK2UO+arSRKbRZWtelMtN5V0Hkwh5ryOto/SshYIg=="
    },
    "node": {
      "version": "11.12.0",
      "resolved": "https://registry.npmjs.org/node/-/node-11.12.0.tgz",
      "integrity": "sha512-um2HVV67QzgmYnfrT6XszwwUT7S/i5nzIls68jEYOfVFJye+0ta2leda2ZWYUHzAajbUYyMp312v+1yYh0Jixw==",
      "requires": {
        "node-bin-setup": "^1.0.0"
      }
    },
    "node-bin-setup": {
      "version": "1.0.6",
      "resolved": "https://registry.npmjs.org/node-bin-setup/-/node-bin-setup-1.0.6.tgz",
      "integrity": "sha512-uPIxXNis1CRbv1DwqAxkgBk5NFV3s7cMN/Gf556jSw6jBvV7ca4F9lRL/8cALcZecRibeqU+5dFYqFFmzv5a0Q=="
    },
    "querystring": {
      "version": "0.2.0",
      "resolved": "https://registry.npmjs.org/querystring/-/querystring-0.2.0.tgz",
      "integrity": "sha1-sgmEkgO7Jd+CDadW50cAWHhSFiA="
    },
    "sed": {
      "version": "0.0.1",
      "resolved": "https://registry.npmjs.org/sed/-/sed-0.0.1.tgz",
      "integrity": "sha512-eWy0FQtXOs4obQFKRO0AnXNM7SrY18UOtdBRCjYRYRrUBnA5j7/Ky/tsf1XLhw+JioIxoYLdOYNI5Ts6bjkpkg=="
    }
  }
}
